
Microsoft Visual Studio Solution File, Format Version 12.00
# Visual Studio Version 17
VisualStudioVersion = 17.0.31903.59
MinimumVisualStudioVersion = 10.0.40219.1
Project("{FAE04EC0-301F-11D3-BF4B-00C04F79EFBC}") = "Generator", "Generator\Generator.csproj", "{9970A813-7AA0-41A6-9773-6D37E55B47E4}"
EndProject
Project("{2150E333-8FDC-42A3-9474-1A3956D46DE8}") = "misc", "misc", "{C841F5C2-8F30-5BE9-ECA6-260644CF6F9F}"
	ProjectSection(SolutionItems) = preProject
		..\.gitattributes = ..\.gitattributes
		..\.gitignore = ..\.gitignore
	EndProjectSection
EndProject
Project("{2150E333-8FDC-42A3-9474-1A3956D46DE8}") = "content", "content", "{B489D86D-A092-F0FF-8364-791CEC263EE7}"
	ProjectSection(SolutionItems) = preProject
		..\content\index.xml = ..\content\index.xml
		..\content\style.css = ..\content\style.css
		..\content\index.css = ..\content\index.css
		..\content\inline.css = ..\content\inline.css
	EndProjectSection
EndProject
Project("{2150E333-8FDC-42A3-9474-1A3956D46DE8}") = "wishlist", "wishlist", "{A33BE39E-C5E8-B01D-2CED-7018AF93D844}"
	ProjectSection(SolutionItems) = preProject
		..\content\wishlist\transform.xml = ..\content\wishlist\transform.xml
		..\content\wishlist\overseer.xml = ..\content\wishlist\overseer.xml
		..\content\wishlist\husic.xml = ..\content\wishlist\husic.xml
	EndProjectSection
EndProject
Global
	GlobalSection(SolutionConfigurationPlatforms) = preSolution
		Debug|Any CPU = Debug|Any CPU
		Release|Any CPU = Release|Any CPU
	EndGlobalSection
	GlobalSection(ProjectConfigurationPlatforms) = postSolution
		{9970A813-7AA0-41A6-9773-6D37E55B47E4}.Debug|Any CPU.ActiveCfg = Debug|Any CPU
		{9970A813-7AA0-41A6-9773-6D37E55B47E4}.Debug|Any CPU.Build.0 = Debug|Any CPU
		{9970A813-7AA0-41A6-9773-6D37E55B47E4}.Release|Any CPU.ActiveCfg = Release|Any CPU
		{9970A813-7AA0-41A6-9773-6D37E55B47E4}.Release|Any CPU.Build.0 = Release|Any CPU
	EndGlobalSection
	GlobalSection(SolutionProperties) = preSolution
		HideSolutionNode = FALSE
	EndGlobalSection
	GlobalSection(NestedProjects) = preSolution
		{A33BE39E-C5E8-B01D-2CED-7018AF93D844} = {B489D86D-A092-F0FF-8364-791CEC263EE7}
	EndGlobalSection
EndGlobal
